
Microsoft Visual Studio Solution File, Format Version 12.00
# Visual Studio Version 17
VisualStudioVersion = 17.4.33213.308
MinimumVisualStudioVersion = 10.0.40219.1
Project("{2150E333-8FDC-42A3-9474-1A3956D46DE8}") = "Microservices", "Microservices", "{B117A2C6-DBA7-4155-BABD-A8DFB71D1E7B}"
EndProject
Project("{FAE04EC0-301F-11D3-BF4B-00C04F79EFBC}") = "TestComment", "TestComment\TestComment.csproj", "{79C706F9-83B4-4541-BA72-871B2BE079C9}"
EndProject
Project("{FAE04EC0-301F-11D3-BF4B-00C04F79EFBC}") = "TestPost", "TestPost\TestPost.csproj", "{4B2D715A-0635-4D43-BD9C-92951CEC5DAF}"
EndProject
Project("{2150E333-8FDC-42A3-9474-1A3956D46DE8}") = "Gateway", "Gateway", "{A48D0AF2-4B4D-4EBB-A341-8977DDD69B78}"
EndProject
Project("{FAE04EC0-301F-11D3-BF4B-00C04F79EFBC}") = "TestGateway", "TestGateway\TestGateway.csproj", "{6531EFFB-8E53-44D1-A558-9DFF965B44B7}"
EndProject
Project("{E53339B2-1760-4266-BCC7-CA923CBCF16C}") = "docker-compose", "docker-compose.dcproj", "{57C62A0C-0A59-4A62-A12B-51429C11C1B2}"
EndProject
Global
	GlobalSection(SolutionConfigurationPlatforms) = preSolution
		Debug|Any CPU = Debug|Any CPU
		Release|Any CPU = Release|Any CPU
	EndGlobalSection
	GlobalSection(ProjectConfigurationPlatforms) = postSolution
		{79C706F9-83B4-4541-BA72-871B2BE079C9}.Debug|Any CPU.ActiveCfg = Debug|Any CPU
		{79C706F9-83B4-4541-BA72-871B2BE079C9}.Debug|Any CPU.Build.0 = Debug|Any CPU
		{79C706F9-83B4-4541-BA72-871B2BE079C9}.Release|Any CPU.ActiveCfg = Release|Any CPU
		{79C706F9-83B4-4541-BA72-871B2BE079C9}.Release|Any CPU.Build.0 = Release|Any CPU
		{4B2D715A-0635-4D43-BD9C-92951CEC5DAF}.Debug|Any CPU.ActiveCfg = Debug|Any CPU
		{4B2D715A-0635-4D43-BD9C-92951CEC5DAF}.Debug|Any CPU.Build.0 = Debug|Any CPU
		{4B2D715A-0635-4D43-BD9C-92951CEC5DAF}.Release|Any CPU.ActiveCfg = Release|Any CPU
		{4B2D715A-0635-4D43-BD9C-92951CEC5DAF}.Release|Any CPU.Build.0 = Release|Any CPU
		{6531EFFB-8E53-44D1-A558-9DFF965B44B7}.Debug|Any CPU.ActiveCfg = Debug|Any CPU
		{6531EFFB-8E53-44D1-A558-9DFF965B44B7}.Debug|Any CPU.Build.0 = Debug|Any CPU
		{6531EFFB-8E53-44D1-A558-9DFF965B44B7}.Release|Any CPU.ActiveCfg = Release|Any CPU
		{6531EFFB-8E53-44D1-A558-9DFF965B44B7}.Release|Any CPU.Build.0 = Release|Any CPU
		{57C62A0C-0A59-4A62-A12B-51429C11C1B2}.Debug|Any CPU.ActiveCfg = Debug|Any CPU
		{57C62A0C-0A59-4A62-A12B-51429C11C1B2}.Debug|Any CPU.Build.0 = Debug|Any CPU
		{57C62A0C-0A59-4A62-A12B-51429C11C1B2}.Release|Any CPU.ActiveCfg = Release|Any CPU
		{57C62A0C-0A59-4A62-A12B-51429C11C1B2}.Release|Any CPU.Build.0 = Release|Any CPU
	EndGlobalSection
	GlobalSection(SolutionProperties) = preSolution
		HideSolutionNode = FALSE
	EndGlobalSection
	GlobalSection(NestedProjects) = preSolution
		{79C706F9-83B4-4541-BA72-871B2BE079C9} = {B117A2C6-DBA7-4155-BABD-A8DFB71D1E7B}
		{4B2D715A-0635-4D43-BD9C-92951CEC5DAF} = {B117A2C6-DBA7-4155-BABD-A8DFB71D1E7B}
		{6531EFFB-8E53-44D1-A558-9DFF965B44B7} = {A48D0AF2-4B4D-4EBB-A341-8977DDD69B78}
	EndGlobalSection
	GlobalSection(ExtensibilityGlobals) = postSolution
		SolutionGuid = {3095D15A-BC73-46AD-A259-5F54EBD5A0BA}
	EndGlobalSection
EndGlobal
